
Microsoft Visual Studio Solution File, Format Version 12.00
# Visual Studio 2012
Project("{FAE04EC0-301F-11D3-BF4B-00C04F79EFBC}") = "test", "test\test.csproj", "{43DEDA70-0701-4A00-8721-7C516EB0071A}"
EndProject
Project("{FAE04EC0-301F-11D3-BF4B-00C04F79EFBC}") = "test.Droid", "Droid\test.Droid.csproj", "{E5A58A54-8921-45F5-97B9-08C3E8A25190}"
EndProject
Project("{FAE04EC0-301F-11D3-BF4B-00C04F79EFBC}") = "test.iOS", "iOS\test.iOS.csproj", "{ADF87161-1DE0-46A5-B13B-4D82C6C2B9ED}"
EndProject
Project("{FAE04EC0-301F-11D3-BF4B-00C04F79EFBC}") = "test.UITests", "UITests\test.UITests.csproj", "{1DEDF9AC-403B-46F4-BD76-5A77AF4FA7C5}"
EndProject
Global
	GlobalSection(SolutionConfigurationPlatforms) = preSolution
		Debug|Any CPU = Debug|Any CPU
		Release|Any CPU = Release|Any CPU
		Debug|iPhoneSimulator = Debug|iPhoneSimulator
		Release|iPhone = Release|iPhone
		Release|iPhoneSimulator = Release|iPhoneSimulator
		Debug|iPhone = Debug|iPhone
	EndGlobalSection
	GlobalSection(ProjectConfigurationPlatforms) = postSolution
		{43DEDA70-0701-4A00-8721-7C516EB0071A}.Debug|Any CPU.ActiveCfg = Debug|Any CPU
		{43DEDA70-0701-4A00-8721-7C516EB0071A}.Debug|Any CPU.Build.0 = Debug|Any CPU
		{43DEDA70-0701-4A00-8721-7C516EB0071A}.Release|Any CPU.ActiveCfg = Release|Any CPU
		{43DEDA70-0701-4A00-8721-7C516EB0071A}.Release|Any CPU.Build.0 = Release|Any CPU
		{43DEDA70-0701-4A00-8721-7C516EB0071A}.Debug|iPhoneSimulator.ActiveCfg = Debug|Any CPU
		{43DEDA70-0701-4A00-8721-7C516EB0071A}.Debug|iPhoneSimulator.Build.0 = Debug|Any CPU
		{43DEDA70-0701-4A00-8721-7C516EB0071A}.Release|iPhone.ActiveCfg = Release|Any CPU
		{43DEDA70-0701-4A00-8721-7C516EB0071A}.Release|iPhone.Build.0 = Release|Any CPU
		{43DEDA70-0701-4A00-8721-7C516EB0071A}.Release|iPhoneSimulator.ActiveCfg = Release|Any CPU
		{43DEDA70-0701-4A00-8721-7C516EB0071A}.Release|iPhoneSimulator.Build.0 = Release|Any CPU
		{43DEDA70-0701-4A00-8721-7C516EB0071A}.Debug|iPhone.ActiveCfg = Debug|Any CPU
		{43DEDA70-0701-4A00-8721-7C516EB0071A}.Debug|iPhone.Build.0 = Debug|Any CPU
		{E5A58A54-8921-45F5-97B9-08C3E8A25190}.Debug|Any CPU.ActiveCfg = Debug|Any CPU
		{E5A58A54-8921-45F5-97B9-08C3E8A25190}.Debug|Any CPU.Build.0 = Debug|Any CPU
		{E5A58A54-8921-45F5-97B9-08C3E8A25190}.Release|Any CPU.ActiveCfg = Release|Any CPU
		{E5A58A54-8921-45F5-97B9-08C3E8A25190}.Release|Any CPU.Build.0 = Release|Any CPU
		{E5A58A54-8921-45F5-97B9-08C3E8A25190}.Debug|iPhoneSimulator.ActiveCfg = Debug|Any CPU
		{E5A58A54-8921-45F5-97B9-08C3E8A25190}.Debug|iPhoneSimulator.Build.0 = Debug|Any CPU
		{E5A58A54-8921-45F5-97B9-08C3E8A25190}.Release|iPhone.ActiveCfg = Release|Any CPU
		{E5A58A54-8921-45F5-97B9-08C3E8A25190}.Release|iPhone.Build.0 = Release|Any CPU
		{E5A58A54-8921-45F5-97B9-08C3E8A25190}.Release|iPhoneSimulator.ActiveCfg = Release|Any CPU
		{E5A58A54-8921-45F5-97B9-08C3E8A25190}.Release|iPhoneSimulator.Build.0 = Release|Any CPU
		{E5A58A54-8921-45F5-97B9-08C3E8A25190}.Debug|iPhone.ActiveCfg = Debug|Any CPU
		{E5A58A54-8921-45F5-97B9-08C3E8A25190}.Debug|iPhone.Build.0 = Debug|Any CPU
		{ADF87161-1DE0-46A5-B13B-4D82C6C2B9ED}.Debug|Any CPU.ActiveCfg = Debug|iPhoneSimulator
		{ADF87161-1DE0-46A5-B13B-4D82C6C2B9ED}.Debug|Any CPU.Build.0 = Debug|iPhoneSimulator
		{ADF87161-1DE0-46A5-B13B-4D82C6C2B9ED}.Release|Any CPU.ActiveCfg = Release|iPhone
		{ADF87161-1DE0-46A5-B13B-4D82C6C2B9ED}.Release|Any CPU.Build.0 = Release|iPhone
		{ADF87161-1DE0-46A5-B13B-4D82C6C2B9ED}.Debug|iPhoneSimulator.ActiveCfg = Debug|iPhoneSimulator
		{ADF87161-1DE0-46A5-B13B-4D82C6C2B9ED}.Debug|iPhoneSimulator.Build.0 = Debug|iPhoneSimulator
		{ADF87161-1DE0-46A5-B13B-4D82C6C2B9ED}.Release|iPhone.ActiveCfg = Release|iPhone
		{ADF87161-1DE0-46A5-B13B-4D82C6C2B9ED}.Release|iPhone.Build.0 = Release|iPhone
		{ADF87161-1DE0-46A5-B13B-4D82C6C2B9ED}.Release|iPhoneSimulator.ActiveCfg = Release|iPhoneSimulator
		{ADF87161-1DE0-46A5-B13B-4D82C6C2B9ED}.Release|iPhoneSimulator.Build.0 = Release|iPhoneSimulator
		{ADF87161-1DE0-46A5-B13B-4D82C6C2B9ED}.Debug|iPhone.ActiveCfg = Debug|iPhone
		{ADF87161-1DE0-46A5-B13B-4D82C6C2B9ED}.Debug|iPhone.Build.0 = Debug|iPhone
		{1DEDF9AC-403B-46F4-BD76-5A77AF4FA7C5}.Debug|Any CPU.ActiveCfg = Debug|Any CPU
		{1DEDF9AC-403B-46F4-BD76-5A77AF4FA7C5}.Debug|Any CPU.Build.0 = Debug|Any CPU
		{1DEDF9AC-403B-46F4-BD76-5A77AF4FA7C5}.Release|Any CPU.ActiveCfg = Release|Any CPU
		{1DEDF9AC-403B-46F4-BD76-5A77AF4FA7C5}.Release|Any CPU.Build.0 = Release|Any CPU
		{1DEDF9AC-403B-46F4-BD76-5A77AF4FA7C5}.Debug|iPhoneSimulator.ActiveCfg = Debug|Any CPU
		{1DEDF9AC-403B-46F4-BD76-5A77AF4FA7C5}.Debug|iPhoneSimulator.Build.0 = Debug|Any CPU
		{1DEDF9AC-403B-46F4-BD76-5A77AF4FA7C5}.Release|iPhone.ActiveCfg = Release|Any CPU
		{1DEDF9AC-403B-46F4-BD76-5A77AF4FA7C5}.Release|iPhone.Build.0 = Release|Any CPU
		{1DEDF9AC-403B-46F4-BD76-5A77AF4FA7C5}.Release|iPhoneSimulator.ActiveCfg = Release|Any CPU
		{1DEDF9AC-403B-46F4-BD76-5A77AF4FA7C5}.Release|iPhoneSimulator.Build.0 = Release|Any CPU
		{1DEDF9AC-403B-46F4-BD76-5A77AF4FA7C5}.Debug|iPhone.ActiveCfg = Debug|Any CPU
		{1DEDF9AC-403B-46F4-BD76-5A77AF4FA7C5}.Debug|iPhone.Build.0 = Debug|Any CPU
	EndGlobalSection
EndGlobal
